
Microsoft Visual Studio Solution File, Format Version 12.00
# Visual Studio Version 16
VisualStudioVersion = 16.0.28803.352
MinimumVisualStudioVersion = 10.0.40219.1
Project("{FAE04EC0-301F-11D3-BF4B-00C04F79EFBC}") = "Yawn", "Yawn\Yawn.csproj", "{EE3F3CC6-8B1E-4116-B172-BE2D999596F5}"
EndProject
Global
	GlobalSection(SolutionConfigurationPlatforms) = preSolution
		Debug|Any CPU = Debug|Any CPU
		Release|Any CPU = Release|Any CPU
	EndGlobalSection
	GlobalSection(ProjectConfigurationPlatforms) = postSolution
		{EE3F3CC6-8B1E-4116-B172-BE2D999596F5}.Debug|Any CPU.ActiveCfg = Debug|Any CPU
		{EE3F3CC6-8B1E-4116-B172-BE2D999596F5}.Debug|Any CPU.Build.0 = Debug|Any CPU
		{EE3F3CC6-8B1E-4116-B172-BE2D999596F5}.Release|Any CPU.ActiveCfg = Release|Any CPU
		{EE3F3CC6-8B1E-4116-B172-BE2D999596F5}.Release|Any CPU.Build.0 = Release|Any CPU
	EndGlobalSection
	GlobalSection(SolutionProperties) = preSolution
		HideSolutionNode = FALSE
	EndGlobalSection
	GlobalSection(ExtensibilityGlobals) = postSolution
		SolutionGuid = {18C440E5-D7A4-4723-92CE-69610596A8CC}
	EndGlobalSection
EndGlobal
